# THIS IS AN AUTOGENERATED FILE. DO NOT EDIT THIS FILE DIRECTLY.
# yarn lockfile v1


"@types/react-dom@^15.5.0":
  version "15.5.0"
  resolved "https://registry.yarnpkg.com/@types/react-dom/-/react-dom-15.5.0.tgz#7f4fb9613d4051141773242f7b6b5f1a46b34bd9"
  dependencies:
    "@types/react" "*"

"@types/react@*", "@types/react@^15.0.24":
  version "15.0.24"
  resolved "https://registry.yarnpkg.com/@types/react/-/react-15.0.24.tgz#8a75299dc37906df327c18ca918bf97a55e7123b"

typescript@^2.3.2:
  version "2.3.2"
  resolved "https://registry.yarnpkg.com/typescript/-/typescript-2.3.2.tgz#f0f045e196f69a72f06b25fd3bd39d01c3ce9984"
